
Microsoft Visual Studio Solution File, Format Version 12.00
# Visual Studio Version 17
VisualStudioVersion = 17.10.35013.160
MinimumVisualStudioVersion = 10.0.40219.1
Project("{FAE04EC0-301F-11D3-BF4B-00C04F79EFBC}") = "MVC3", "MVC3\MVC3.csproj", "{0E1FD202-8DE0-4A9C-A189-57F6EE218DE8}"
EndProject
Global
	GlobalSection(SolutionConfigurationPlatforms) = preSolution
		Debug|Any CPU = Debug|Any CPU
		Release|Any CPU = Release|Any CPU
	EndGlobalSection
	GlobalSection(ProjectConfigurationPlatforms) = postSolution
		{0E1FD202-8DE0-4A9C-A189-57F6EE218DE8}.Debug|Any CPU.ActiveCfg = Debug|Any CPU
		{0E1FD202-8DE0-4A9C-A189-57F6EE218DE8}.Debug|Any CPU.Build.0 = Debug|Any CPU
		{0E1FD202-8DE0-4A9C-A189-57F6EE218DE8}.Release|Any CPU.ActiveCfg = Release|Any CPU
		{0E1FD202-8DE0-4A9C-A189-57F6EE218DE8}.Release|Any CPU.Build.0 = Release|Any CPU
	EndGlobalSection
	GlobalSection(SolutionProperties) = preSolution
		HideSolutionNode = FALSE
	EndGlobalSection
	GlobalSection(ExtensibilityGlobals) = postSolution
		SolutionGuid = {A58304F1-B751-4DE6-A0A9-5E1B93709388}
	EndGlobalSection
EndGlobal
